
Microsoft Visual Studio Solution File, Format Version 12.00
# Visual Studio 15
VisualStudioVersion = 15.0.28307.421
MinimumVisualStudioVersion = 10.0.40219.1
Project("{9A19103F-16F7-4668-BE54-9A1E7A4F7556}") = "PromotionEngine", "PromotionEngine\PromotionEngine.csproj", "{297EE711-AD11-4E69-914B-6D8E115DC10F}"
EndProject
Project("{FAE04EC0-301F-11D3-BF4B-00C04F79EFBC}") = "PromotionEngineTest", "PromotionEngineTest\PromotionEngineTest.csproj", "{58A44478-A271-425D-9DF3-A0F3CFF6736F}"
EndProject
Global
	GlobalSection(SolutionConfigurationPlatforms) = preSolution
		Debug|Any CPU = Debug|Any CPU
		Release|Any CPU = Release|Any CPU
	EndGlobalSection
	GlobalSection(ProjectConfigurationPlatforms) = postSolution
		{297EE711-AD11-4E69-914B-6D8E115DC10F}.Debug|Any CPU.ActiveCfg = Debug|Any CPU
		{297EE711-AD11-4E69-914B-6D8E115DC10F}.Debug|Any CPU.Build.0 = Debug|Any CPU
		{297EE711-AD11-4E69-914B-6D8E115DC10F}.Release|Any CPU.ActiveCfg = Release|Any CPU
		{297EE711-AD11-4E69-914B-6D8E115DC10F}.Release|Any CPU.Build.0 = Release|Any CPU
		{58A44478-A271-425D-9DF3-A0F3CFF6736F}.Debug|Any CPU.ActiveCfg = Debug|Any CPU
		{58A44478-A271-425D-9DF3-A0F3CFF6736F}.Debug|Any CPU.Build.0 = Debug|Any CPU
		{58A44478-A271-425D-9DF3-A0F3CFF6736F}.Release|Any CPU.ActiveCfg = Release|Any CPU
		{58A44478-A271-425D-9DF3-A0F3CFF6736F}.Release|Any CPU.Build.0 = Release|Any CPU
	EndGlobalSection
	GlobalSection(SolutionProperties) = preSolution
		HideSolutionNode = FALSE
	EndGlobalSection
	GlobalSection(ExtensibilityGlobals) = postSolution
		SolutionGuid = {7A5060CD-0ED6-45E3-ACA2-CFD224B9C94E}
	EndGlobalSection
EndGlobal
